
Microsoft Visual Studio Solution File, Format Version 12.00
Project("{FAE04EC0-301F-11D3-BF4B-00C04F79EFBC}") = "Domain", "Domain\Domain.csproj", "{5B5568ED-C426-4F6C-97B7-B1FD12870AA9}"
EndProject
Project("{FAE04EC0-301F-11D3-BF4B-00C04F79EFBC}") = "WebAPI", "WebAPI\WebAPI.csproj", "{B743495B-D6AF-4D30-A975-72A9669DC315}"
EndProject
Project("{FAE04EC0-301F-11D3-BF4B-00C04F79EFBC}") = "BlazorWasm", "BlazorWasm\BlazorWasm.csproj", "{FCA666D0-F54A-400C-A0BA-694CEE50BA6C}"
EndProject
Project("{FAE04EC0-301F-11D3-BF4B-00C04F79EFBC}") = "Application", "Application\Application.csproj", "{15C40610-8BCE-415F-AE45-7158D1334067}"
EndProject
Global
	GlobalSection(SolutionConfigurationPlatforms) = preSolution
		Debug|Any CPU = Debug|Any CPU
		Release|Any CPU = Release|Any CPU
	EndGlobalSection
	GlobalSection(ProjectConfigurationPlatforms) = postSolution
		{5B5568ED-C426-4F6C-97B7-B1FD12870AA9}.Debug|Any CPU.ActiveCfg = Debug|Any CPU
		{5B5568ED-C426-4F6C-97B7-B1FD12870AA9}.Debug|Any CPU.Build.0 = Debug|Any CPU
		{5B5568ED-C426-4F6C-97B7-B1FD12870AA9}.Release|Any CPU.ActiveCfg = Release|Any CPU
		{5B5568ED-C426-4F6C-97B7-B1FD12870AA9}.Release|Any CPU.Build.0 = Release|Any CPU
		{B743495B-D6AF-4D30-A975-72A9669DC315}.Debug|Any CPU.ActiveCfg = Debug|Any CPU
		{B743495B-D6AF-4D30-A975-72A9669DC315}.Debug|Any CPU.Build.0 = Debug|Any CPU
		{B743495B-D6AF-4D30-A975-72A9669DC315}.Release|Any CPU.ActiveCfg = Release|Any CPU
		{B743495B-D6AF-4D30-A975-72A9669DC315}.Release|Any CPU.Build.0 = Release|Any CPU
		{FCA666D0-F54A-400C-A0BA-694CEE50BA6C}.Debug|Any CPU.ActiveCfg = Debug|Any CPU
		{FCA666D0-F54A-400C-A0BA-694CEE50BA6C}.Debug|Any CPU.Build.0 = Debug|Any CPU
		{FCA666D0-F54A-400C-A0BA-694CEE50BA6C}.Release|Any CPU.ActiveCfg = Release|Any CPU
		{FCA666D0-F54A-400C-A0BA-694CEE50BA6C}.Release|Any CPU.Build.0 = Release|Any CPU
		{15C40610-8BCE-415F-AE45-7158D1334067}.Debug|Any CPU.ActiveCfg = Debug|Any CPU
		{15C40610-8BCE-415F-AE45-7158D1334067}.Debug|Any CPU.Build.0 = Debug|Any CPU
		{15C40610-8BCE-415F-AE45-7158D1334067}.Release|Any CPU.ActiveCfg = Release|Any CPU
		{15C40610-8BCE-415F-AE45-7158D1334067}.Release|Any CPU.Build.0 = Release|Any CPU
	EndGlobalSection
EndGlobal
